<?xml version="1.0" encoding="utf-8"?>
<Project ToolsVersion="4.0" xmlns="http://schemas.microsoft.com/developer/msbuild/2003">
  <ItemGroup>
    <Filter Include="Source Files">
      <UniqueIdentifier>{4FC737F1-C7A5-4376-A066-2A32D752A2FF}</UniqueIdentifier>
      <Extensions>cpp;cxx;c;def</Extensions>
    </Filter>
    <Filter Include="Header Files">
      <UniqueIdentifier>{93995380-89BD-4b04-88EB-625FBE52EBFB}</UniqueIdentifier>
      <Extensions>h</Extensions>
    </Filter>
    <Filter Include="Form Files">
      <UniqueIdentifier>{99349809-55BA-4b9d-BF79-8FDBB0286EB3}</UniqueIdentifier>
      <Extensions>ui</Extensions>
    </Filter>
    <Filter Include="Resource Files">
      <UniqueIdentifier>{D9D6E242-F8AF-46E4-B9FD-80ECBC20BA3E}</UniqueIdentifier>
      <Extensions>qrc;*</Extensions>
      <ParseFiles>false</ParseFiles>
    </Filter>
    <Filter Include="Generated Files">
      <UniqueIdentifier>{71ED8ED8-ACB9-4CE9-BBE1-E00B30144E11}</UniqueIdentifier>
      <Extensions>moc;h;cpp</Extensions>
      <SourceControlFiles>False</SourceControlFiles>
    </Filter>
    <Filter Include="Generated Files\Debug">
      <UniqueIdentifier>{6683e417-6313-4155-bc82-e41b7536d118}</UniqueIdentifier>
      <Extensions>cpp;moc</Extensions>
      <SourceControlFiles>False</SourceControlFiles>
    </Filter>
    <Filter Include="Generated Files\Release">
      <UniqueIdentifier>{18cb8803-1961-4b94-b0bc-28601b099b4f}</UniqueIdentifier>
      <Extensions>cpp;moc</Extensions>
      <SourceControlFiles>False</SourceControlFiles>
    </Filter>
    <Filter Include="Source Files\core">
      <UniqueIdentifier>{0a8ba322-b7ad-41f7-a692-f40603343f75}</UniqueIdentifier>
    </Filter>
    <Filter Include="Source Files\core\compare">
      <UniqueIdentifier>{e25f8497-b73b-4ebd-849a-c298028344ef}</UniqueIdentifier>
    </Filter>
    <Filter Include="Source Files\core\feature">
      <UniqueIdentifier>{9b7b659e-6300-4b6f-9d50-cc96125521b4}</UniqueIdentifier>
    </Filter>
    <Filter Include="Source Files\core\ml">
      <UniqueIdentifier>{3c8c3b3f-0486-4e60-aad2-f02925f9b855}</UniqueIdentifier>
    </Filter>
    <Filter Include="Source Files\core\compare\cmp">
      <UniqueIdentifier>{a5cf9c40-0e90-4ec8-bc7f-a3846d8f84f4}</UniqueIdentifier>
    </Filter>
    <Filter Include="Source Files\core\other">
      <UniqueIdentifier>{beccc594-7c72-47a3-927e-3c93c1002801}</UniqueIdentifier>
    </Filter>
  </ItemGroup>
  <ItemGroup>
    <ClCompile Include="GeneratedFiles\Debug\moc_imageretrieval.cpp">
      <Filter>Generated Files\Debug</Filter>
    </ClCompile>
    <ClCompile Include="GeneratedFiles\Release\moc_imageretrieval.cpp">
      <Filter>Generated Files\Release</Filter>
    </ClCompile>
    <ClCompile Include="GeneratedFiles\qrc_imageretrieval.cpp">
      <Filter>Generated Files</Filter>
    </ClCompile>
    <ClCompile Include="core_main.cpp">
      <Filter>Source Files\core</Filter>
    </ClCompile>
    <ClCompile Include="hsv_compare.cpp">
      <Filter>Source Files\core\compare</Filter>
    </ClCompile>
    <ClCompile Include="svm_compare.cpp">
      <Filter>Source Files\core\compare</Filter>
    </ClCompile>
    <ClCompile Include="feature_compare.cpp">
      <Filter>Source Files\core\feature</Filter>
    </ClCompile>
    <ClCompile Include="feature_extract.cpp">
      <Filter>Source Files\core\feature</Filter>
    </ClCompile>
    <ClCompile Include="feature_loader.cpp">
      <Filter>Source Files\core\feature</Filter>
    </ClCompile>
    <ClCompile Include="feature_preprocess.cpp">
      <Filter>Source Files\core\feature</Filter>
    </ClCompile>
    <ClCompile Include="ml.cpp">
      <Filter>Source Files\core\ml</Filter>
    </ClCompile>
    <ClCompile Include="main.cpp">
      <Filter>Source Files</Filter>
    </ClCompile>
    <ClCompile Include="combinate_compare.cpp">
      <Filter>Source Files\core\compare</Filter>
    </ClCompile>
    <ClCompile Include="contour_cmp.cpp">
      <Filter>Source Files\core\compare\cmp</Filter>
    </ClCompile>
    <ClCompile Include="double_compare.cpp">
      <Filter>Source Files\core\compare</Filter>
    </ClCompile>
    <ClCompile Include="feature_cmp.cpp">
      <Filter>Source Files\core\compare</Filter>
    </ClCompile>
    <ClCompile Include="feature_ml_loader.cpp">
      <Filter>Source Files\core\feature</Filter>
    </ClCompile>
    <ClCompile Include="feature_ml_preprocess.cpp">
      <Filter>Source Files\core\feature</Filter>
    </ClCompile>
    <ClCompile Include="hist_cmp.cpp">
      <Filter>Source Files\core\compare\cmp</Filter>
    </ClCompile>
    <ClCompile Include="mssim_cmp.cpp">
      <Filter>Source Files\core\compare\cmp</Filter>
    </ClCompile>
    <ClCompile Include="mssim_compare.cpp">
      <Filter>Source Files\core\compare</Filter>
    </ClCompile>
    <ClCompile Include="pixel_cmp.cpp">
      <Filter>Source Files\core\compare\cmp</Filter>
    </ClCompile>
    <ClCompile Include="pixel_compare.cpp">
      <Filter>Source Files\core\compare</Filter>
    </ClCompile>
    <ClCompile Include="psnr_cmp.cpp">
      <Filter>Source Files\core\compare\cmp</Filter>
    </ClCompile>
    <ClCompile Include="psnr_compare.cpp">
      <Filter>Source Files\core\compare</Filter>
    </ClCompile>
    <ClCompile Include="ScoreReport.cpp">
      <Filter>Source Files\core\other</Filter>
    </ClCompile>
    <ClCompile Include="utils.cpp">
      <Filter>Source Files\core\other</Filter>
    </ClCompile>
    <ClCompile Include="imageretrieval.cpp">
      <Filter>Source Files</Filter>
    </ClCompile>
    <ClCompile Include="SearchingThread.cpp">
      <Filter>Source Files</Filter>
    </ClCompile>
    <ClCompile Include="GeneratedFiles\Debug\moc_SearchingThread.cpp">
      <Filter>Generated Files\Debug</Filter>
    </ClCompile>
    <ClCompile Include="GeneratedFiles\Release\moc_SearchingThread.cpp">
      <Filter>Generated Files\Release</Filter>
    </ClCompile>
  </ItemGroup>
  <ItemGroup>
    <CustomBuild Include="imageretrieval.h">
      <Filter>Header Files</Filter>
    </CustomBuild>
    <CustomBuild Include="imageretrieval.ui">
      <Filter>Form Files</Filter>
    </CustomBuild>
    <CustomBuild Include="imageretrieval.qrc">
      <Filter>Resource Files</Filter>
    </CustomBuild>
    <CustomBuild Include="SearchingThread.h">
      <Filter>Source Files</Filter>
    </CustomBuild>
  </ItemGroup>
  <ItemGroup>
    <ClInclude Include="GeneratedFiles\ui_imageretrieval.h">
      <Filter>Generated Files</Filter>
    </ClInclude>
    <ClInclude Include="compare.h">
      <Filter>Source Files\core\compare</Filter>
    </ClInclude>
    <ClInclude Include="feature_compare.h">
      <Filter>Source Files\core\feature</Filter>
    </ClInclude>
    <ClInclude Include="feature_extract.h">
      <Filter>Source Files\core\feature</Filter>
    </ClInclude>
    <ClInclude Include="feature_loader.h">
      <Filter>Source Files\core\feature</Filter>
    </ClInclude>
    <ClInclude Include="feature_preprocess.h">
      <Filter>Source Files\core\feature</Filter>
    </ClInclude>
    <ClInclude Include="ml.h">
      <Filter>Source Files\core\ml</Filter>
    </ClInclude>
    <ClInclude Include="core_main.h">
      <Filter>Source Files\core</Filter>
    </ClInclude>
    <ClInclude Include="core_cmp.h">
      <Filter>Source Files\core\compare\cmp</Filter>
    </ClInclude>
    <ClInclude Include="method_report.h">
      <Filter>Source Files\core\other</Filter>
    </ClInclude>
    <ClInclude Include="ScoreReport.h">
      <Filter>Source Files\core\other</Filter>
    </ClInclude>
    <ClInclude Include="utils.h">
      <Filter>Source Files\core\other</Filter>
    </ClInclude>
  </ItemGroup>
</Project>